PODS:
  - Handy (0.3.2):
    - SnapKit
  - MBProgressHUD (1.2.0)
  - SnapKit (5.0.1)
  - SSZipArchive (2.4.3)

DEPENDENCIES:
  - Handy (from `../`)
  - MBProgressHUD
  - SSZipArchive

SPEC REPOS:
  trunk:
    - MBProgressHUD
    - SnapKit
    - SSZipArchive

EXTERNAL SOURCES:
  Handy:
    :path: "../"

SPEC CHECKSUMS:
  Handy: 2da006a56c6afc889739fb0fe81c7e53c99360f6
  MBProgressHUD: 3ee5efcc380f6a79a7cc9b363dd669c5e1ae7406
  SnapKit: 97b92857e3df3a0c71833cce143274bf6ef8e5eb
  SSZipArchive: fe6a26b2a54d5a0890f2567b5cc6de5caa600aef

PODFILE CHECKSUM: f71435ae7a3f01f645cab7750fc1c1c8f73c3fa6

COCOAPODS: 1.11.2
